
Microsoft Visual Studio Solution File, Format Version 12.00
# Visual Studio Version 17
VisualStudioVersion = 17.11.35327.3
MinimumVisualStudioVersion = 10.0.40219.1
Project("{FAE04EC0-301F-11D3-BF4B-00C04F79EFBC}") = "AceJobAgency", "AceJobAgency\AceJobAgency.csproj", "{7D620C36-0536-45C3-BD74-B3712C92690B}"
EndProject
Global
	GlobalSection(SolutionConfigurationPlatforms) = preSolution
		Debug|Any CPU = Debug|Any CPU
		Release|Any CPU = Release|Any CPU
	EndGlobalSection
	GlobalSection(ProjectConfigurationPlatforms) = postSolution
		{7D620C36-0536-45C3-BD74-B3712C92690B}.Debug|Any CPU.ActiveCfg = Debug|Any CPU
		{7D620C36-0536-45C3-BD74-B3712C92690B}.Debug|Any CPU.Build.0 = Debug|Any CPU
		{7D620C36-0536-45C3-BD74-B3712C92690B}.Release|Any CPU.ActiveCfg = Release|Any CPU
		{7D620C36-0536-45C3-BD74-B3712C92690B}.Release|Any CPU.Build.0 = Release|Any CPU
	EndGlobalSection
	GlobalSection(SolutionProperties) = preSolution
		HideSolutionNode = FALSE
	EndGlobalSection
	GlobalSection(ExtensibilityGlobals) = postSolution
		SolutionGuid = {B92CC8D2-33B9-482F-BC38-73EFC0ACF9BC}
	EndGlobalSection
EndGlobal
